
Microsoft Visual Studio Solution File, Format Version 12.00
# Visual Studio Version 17
VisualStudioVersion = 17.13.35825.156 d17.13
MinimumVisualStudioVersion = 10.0.40219.1
Project("{FAE04EC0-301F-11D3-BF4B-00C04F79EFBC}") = "AirlineReservationConsoleSystem_CSharpProject3", "AirlineReservationConsoleSystem_CSharpProject3.csproj", "{9E491AC7-0813-4C85-BBC5-55E7E452FC34}"
EndProject
Global
	GlobalSection(SolutionConfigurationPlatforms) = preSolution
		Debug|Any CPU = Debug|Any CPU
		Release|Any CPU = Release|Any CPU
	EndGlobalSection
	GlobalSection(ProjectConfigurationPlatforms) = postSolution
		{9E491AC7-0813-4C85-BBC5-55E7E452FC34}.Debug|Any CPU.ActiveCfg = Debug|Any CPU
		{9E491AC7-0813-4C85-BBC5-55E7E452FC34}.Debug|Any CPU.Build.0 = Debug|Any CPU
		{9E491AC7-0813-4C85-BBC5-55E7E452FC34}.Release|Any CPU.ActiveCfg = Release|Any CPU
		{9E491AC7-0813-4C85-BBC5-55E7E452FC34}.Release|Any CPU.Build.0 = Release|Any CPU
	EndGlobalSection
	GlobalSection(SolutionProperties) = preSolution
		HideSolutionNode = FALSE
	EndGlobalSection
	GlobalSection(ExtensibilityGlobals) = postSolution
		SolutionGuid = {7E405D45-AC59-4C94-9F5A-803056491ECA}
	EndGlobalSection
EndGlobal
